
Microsoft Visual Studio Solution File, Format Version 12.00
#
Project("{FAE04EC0-301F-11D3-BF4B-00C04F79EFBC}") = "net8TodoApi", "net8TodoApi\net8TodoApi.csproj", "{318771A2-DE62-419F-9FEF-C5F3D078D227}"
EndProject
Project("{FAE04EC0-301F-11D3-BF4B-00C04F79EFBC}") = "TodoLib", "TodoLib\TodoLib.csproj", "{D0D77993-D269-43D1-88E4-1D39C0C294B5}"
EndProject
Project("{2150E333-8FDC-42A3-9474-1A3956D46DE8}") = "Infrastructure", "Infrastructure", "{55A86E81-B41A-4C13-9C83-E8B0E430E939}"
EndProject
Project("{2150E333-8FDC-42A3-9474-1A3956D46DE8}") = "API", "API", "{4DE0A841-893A-41E5-889D-62F181BE30CC}"
EndProject
Project("{2150E333-8FDC-42A3-9474-1A3956D46DE8}") = "Core", "Core", "{7516DD42-038D-4CA3-9FF0-16FAF59FC265}"
EndProject
Project("{2150E333-8FDC-42A3-9474-1A3956D46DE8}") = "src", "src", "{DA2549C5-5974-4B60-8F8B-72F8AEC52E3B}"
EndProject
Project("{2150E333-8FDC-42A3-9474-1A3956D46DE8}") = "salesApp", "salesApp", "{1870AFD7-75EC-4D37-9D56-708FDE2E254A}"
EndProject
Project("{2150E333-8FDC-42A3-9474-1A3956D46DE8}") = "inventoryApp", "inventoryApp", "{A8EA9E34-BAF6-4482-A9B5-5FF29DD5E17B}"
EndProject
Project("{2150E333-8FDC-42A3-9474-1A3956D46DE8}") = "crmApp", "crmApp", "{2FB896A3-A4D9-4D14-B06B-4BFD46C08FF7}"
EndProject
Project("{2150E333-8FDC-42A3-9474-1A3956D46DE8}") = "hrApp", "hrApp", "{D57180CB-1D73-4E19-A43F-93C0A8287CA5}"
EndProject
Project("{2150E333-8FDC-42A3-9474-1A3956D46DE8}") = "financialAccountingApp", "financialAccountingApp", "{0A97AD72-6777-4954-A05E-15D8C36778D7}"
EndProject
Project("{2150E333-8FDC-42A3-9474-1A3956D46DE8}") = "purchaseApp", "purchaseApp", "{78A33DE0-D5CC-4395-9BD7-349356E12EAA}"
EndProject
Project("{2150E333-8FDC-42A3-9474-1A3956D46DE8}") = "warehouseApp", "warehouseApp", "{29031F66-DD61-4C10-AA37-271599205A02}"
EndProject
Project("{2150E333-8FDC-42A3-9474-1A3956D46DE8}") = "branchApp", "branchApp", "{28D0263B-2E01-4BEB-B922-494408E9B44D}"
EndProject
Project("{2150E333-8FDC-42A3-9474-1A3956D46DE8}") = "userIdentityApp", "userIdentityApp", "{E7BAEF80-BB10-4E4E-B116-295D56150ADA}"
EndProject
Project("{2150E333-8FDC-42A3-9474-1A3956D46DE8}") = "documentApp", "documentApp", "{BDFCCA6B-AF1E-49A4-8F1E-C954CF59D616}"
EndProject
Project("{2150E333-8FDC-42A3-9474-1A3956D46DE8}") = "messagingApp", "messagingApp", "{876EB3DE-A446-4DAC-A5DA-DA22BFC0C285}"
EndProject
Project("{2150E333-8FDC-42A3-9474-1A3956D46DE8}") = "notificationApp", "notificationApp", "{E36B2F5F-A824-416A-A6A3-E688B7643DD7}"
EndProject
Project("{2150E333-8FDC-42A3-9474-1A3956D46DE8}") = "settingApp", "settingApp", "{5FE6C5D9-B99B-4B26-AF20-98084955BD93}"
EndProject
Project("{2150E333-8FDC-42A3-9474-1A3956D46DE8}") = "exchangeRateApp", "exchangeRateApp", "{7641D87B-4699-4B8C-BB23-F542BDDBB3F2}"
EndProject
Project("{2150E333-8FDC-42A3-9474-1A3956D46DE8}") = "paymentApp", "paymentApp", "{1891300C-D263-4D7E-A116-3937A39E841C}"
EndProject
Project("{2150E333-8FDC-42A3-9474-1A3956D46DE8}") = "shippingApp", "shippingApp", "{F236EDB9-5064-4339-843C-A75BA79D17FB}"
EndProject
Project("{2150E333-8FDC-42A3-9474-1A3956D46DE8}") = "workflowApp", "workflowApp", "{3FDEBE10-AEA5-49B1-96B5-11854D7CE21D}"
EndProject
Project("{2150E333-8FDC-42A3-9474-1A3956D46DE8}") = "shared", "shared", "{BCE9987F-BEC0-4EB3-832B-FC548A8792CC}"
EndProject
Project("{2150E333-8FDC-42A3-9474-1A3956D46DE8}") = "testing", "testing", "{AD010B69-D8C1-4AA6-BA49-9781090287D0}"
EndProject
Project("{2150E333-8FDC-42A3-9474-1A3956D46DE8}") = "core", "core", "{B0E5B760-84AF-4A00-9495-9C4E2AC4D3A9}"
EndProject
Project("{2150E333-8FDC-42A3-9474-1A3956D46DE8}") = "api", "api", "{F6C0EFC1-71AC-4EE5-85DF-F43BA600AA71}"
EndProject
Project("{2150E333-8FDC-42A3-9474-1A3956D46DE8}") = "dataStore", "dataStore", "{EC34BDCE-891F-4251-A99B-DBCFF21A537D}"
EndProject
Project("{2150E333-8FDC-42A3-9474-1A3956D46DE8}") = "contracts", "contracts", "{40E33281-3B3E-4A6F-BEE2-205FA9B15E18}"
EndProject
Project("{FAE04EC0-301F-11D3-BF4B-00C04F79EFBC}") = "asom.effectiv.salessApp.core", "src\salesApp\core\asom.effectiv.salessApp.core\asom.effectiv.salessApp.core.csproj", "{A1A0BC5E-3D32-4F6C-96E2-39787302B4B2}"
EndProject
Project("{2150E333-8FDC-42A3-9474-1A3956D46DE8}") = "api", "api", "{5DE2FBD0-1316-42A1-9A57-A473A280227C}"
EndProject
Project("{2150E333-8FDC-42A3-9474-1A3956D46DE8}") = "core", "core", "{613DC9CB-6F5C-4F3B-90A8-74B8AE3E694A}"
EndProject
Project("{2150E333-8FDC-42A3-9474-1A3956D46DE8}") = "contracts", "contracts", "{FABA91BB-D646-405A-B03B-77E0724A8987}"
EndProject
Project("{2150E333-8FDC-42A3-9474-1A3956D46DE8}") = "shared", "shared", "{7CD49088-5A78-4900-B26E-04F54F13D2A3}"
EndProject
Project("{2150E333-8FDC-42A3-9474-1A3956D46DE8}") = "testing", "testing", "{537083BC-06A7-4DD5-BC42-3B3ED3C89809}"
EndProject
Project("{FAE04EC0-301F-11D3-BF4B-00C04F79EFBC}") = "inventoryApp.Testing.UnitTesting", "src\inventoryApp\testing\inventoryApp.Testing.UnitTesting\inventoryApp.Testing.UnitTesting.csproj", "{E69C8543-7812-43FE-B96F-53BE336B7FBA}"
EndProject
Project("{2150E333-8FDC-42A3-9474-1A3956D46DE8}") = "api", "api", "{B8CAD87D-D8D5-480A-BC58-6E0049074CD6}"
EndProject
Project("{2150E333-8FDC-42A3-9474-1A3956D46DE8}") = "core", "core", "{C041EE1B-9E63-40C8-89DB-1BADF9948562}"
EndProject
Project("{2150E333-8FDC-42A3-9474-1A3956D46DE8}") = "dataSource", "dataSource", "{3E9C6340-6F36-4163-97F5-F62D35F55BB9}"
EndProject
Project("{2150E333-8FDC-42A3-9474-1A3956D46DE8}") = "contracts", "contracts", "{7183CD5F-8DD2-4AE6-ACE6-B35720803E6B}"
EndProject
Project("{2150E333-8FDC-42A3-9474-1A3956D46DE8}") = "shared", "shared", "{29FF542A-5112-478A-8477-BF1347A2856D}"
EndProject
Project("{2150E333-8FDC-42A3-9474-1A3956D46DE8}") = "api", "api", "{5D75215E-B892-4934-8796-EC0C3DA6EFD4}"
EndProject
Project("{2150E333-8FDC-42A3-9474-1A3956D46DE8}") = "core", "core", "{4AAEB61F-4BD3-4FF5-A828-764ED9DEBF5D}"
EndProject
Project("{2150E333-8FDC-42A3-9474-1A3956D46DE8}") = "contracts", "contracts", "{94277EDE-20E6-440B-A949-F0E74491827C}"
EndProject
Project("{2150E333-8FDC-42A3-9474-1A3956D46DE8}") = "shared", "shared", "{55C6C7BE-406E-4DA8-AB8B-E8A616401273}"
EndProject
Project("{2150E333-8FDC-42A3-9474-1A3956D46DE8}") = "testing", "testing", "{A3D113E3-1897-43E0-A433-B6C7126D8AD4}"
EndProject
Project("{2150E333-8FDC-42A3-9474-1A3956D46DE8}") = "api", "api", "{EB07FAF8-4D69-4B46-8EC3-1FEC93E73C13}"
EndProject
Project("{2150E333-8FDC-42A3-9474-1A3956D46DE8}") = "core", "core", "{A68254C3-BDED-4EB2-A3B0-DA4293B062FA}"
EndProject
Project("{2150E333-8FDC-42A3-9474-1A3956D46DE8}") = "shared", "shared", "{60BE9F91-BC95-4BD3-9817-2B22AACD1E77}"
EndProject
Project("{2150E333-8FDC-42A3-9474-1A3956D46DE8}") = "contracts", "contracts", "{60F059DD-B1E9-48E1-BA33-8A8A22F8C749}"
EndProject
Project("{2150E333-8FDC-42A3-9474-1A3956D46DE8}") = "testing", "testing", "{16561E7E-B632-4650-B6B0-6BDE9B52E0CC}"
EndProject
Project("{2150E333-8FDC-42A3-9474-1A3956D46DE8}") = "api", "api", "{373BFE52-52C6-4C81-9AD5-63275ADAC141}"
EndProject
Project("{2150E333-8FDC-42A3-9474-1A3956D46DE8}") = "core", "core", "{43F17800-267A-401A-BEE6-05653DE3DCCD}"
EndProject
Project("{2150E333-8FDC-42A3-9474-1A3956D46DE8}") = "shared", "shared", "{9A5FF2BE-DF82-4FE2-AC8B-BEDB04407B37}"
EndProject
Project("{2150E333-8FDC-42A3-9474-1A3956D46DE8}") = "contracts", "contracts", "{7977B410-ABDF-4A43-970A-6C6364C2CAD0}"
EndProject
Project("{2150E333-8FDC-42A3-9474-1A3956D46DE8}") = "testing", "testing", "{F5A73844-37F5-4BD1-B5EF-4A706DADC292}"
EndProject
Project("{2150E333-8FDC-42A3-9474-1A3956D46DE8}") = "api", "api", "{61E33374-66A8-4B07-A221-D67B811BA500}"
EndProject
Project("{2150E333-8FDC-42A3-9474-1A3956D46DE8}") = "core", "core", "{6C379B18-EBA0-4C1F-AE13-6A4C9C534C96}"
EndProject
Project("{2150E333-8FDC-42A3-9474-1A3956D46DE8}") = "shared", "shared", "{81E26D03-F332-4823-8439-5A9D449AFDE0}"
EndProject
Project("{2150E333-8FDC-42A3-9474-1A3956D46DE8}") = "dataStore", "dataStore", "{C4CECE06-AA02-4BBA-81DF-54F86FF1D574}"
EndProject
Project("{2150E333-8FDC-42A3-9474-1A3956D46DE8}") = "testing", "testing", "{73FDA2C0-F8C3-49EA-A6DC-00CC4AFE2242}"
EndProject
Project("{2150E333-8FDC-42A3-9474-1A3956D46DE8}") = "shared", "shared", "{EFA2019A-DF77-43FF-AD5A-8B5F1965A3BB}"
EndProject
Project("{2150E333-8FDC-42A3-9474-1A3956D46DE8}") = "infrastructure", "infrastructure", "{7C96D72C-860D-4D75-A13D-5E925DC1ADEA}"
EndProject
Project("{2150E333-8FDC-42A3-9474-1A3956D46DE8}") = "dataStore", "dataStore", "{3537FD0F-E168-465C-B553-943EF1422B77}"
EndProject
Project("{2150E333-8FDC-42A3-9474-1A3956D46DE8}") = "dataStore", "dataStore", "{420DC8C9-8436-4FCB-B53C-A2EAE251268C}"
EndProject
Project("{FAE04EC0-301F-11D3-BF4B-00C04F79EFBC}") = "asom.effectiv.api.sales", "src\salesApp\api\asom.effectiv.api.sales\asom.effectiv.api.sales.csproj", "{AA1D1CD2-1E5A-47A8-BDE7-34DB46D5A577}"
EndProject
Project("{FAE04EC0-301F-11D3-BF4B-00C04F79EFBC}") = "asom.effectiv.api.purchases", "src\purchaseApp\api\asom.effectiv.api.purchases\asom.effectiv.api.purchases.csproj", "{6BBC1523-1267-4F7B-806C-B25521ACA219}"
EndProject
Project("{FAE04EC0-301F-11D3-BF4B-00C04F79EFBC}") = "asom.effectiv.api.payments", "src\paymentApp\api\asom.effectiv.api.payments\asom.effectiv.api.payments.csproj", "{0FEA8D6E-CA8A-4A59-BC51-6310143CFEA6}"
EndProject
Project("{FAE04EC0-301F-11D3-BF4B-00C04F79EFBC}") = "asom.effectiv.api.inventory", "src\inventoryApp\api\asom.effectiv.api.inventory\asom.effectiv.api.inventory.csproj", "{EEF7C4F3-DBB8-4F30-B6C6-6E25413973CC}"
EndProject
Project("{2150E333-8FDC-42A3-9474-1A3956D46DE8}") = "finacialAccountingApp", "finacialAccountingApp", "{8E184DA7-8615-410F-BE8B-14FB8F30913A}"
EndProject
Project("{2150E333-8FDC-42A3-9474-1A3956D46DE8}") = "api", "api", "{59E7FFAD-EAC4-4499-AFD0-F1F308DE67C3}"
EndProject
Project("{FAE04EC0-301F-11D3-BF4B-00C04F79EFBC}") = "asom.effectiv.api.financialAccount", "src\finacialAccountingApp\api\asom.effectiv.api.financialAccount\asom.effectiv.api.financialAccount.csproj", "{157B2401-8BD9-4B2D-9F7C-5E4E61535A47}"
EndProject
Project("{FAE04EC0-301F-11D3-BF4B-00C04F79EFBC}") = "asom.effectiv.api.crm", "src\crmApp\api\asom.effectiv.api.crm\asom.effectiv.api.crm.csproj", "{6D9A9A4E-3646-4367-83A7-0DD0A9EDDE41}"
EndProject
Project("{2150E333-8FDC-42A3-9474-1A3956D46DE8}") = "api", "api", "{50A30F9D-FAFB-4A99-B03E-6E4DB0841AF9}"
EndProject
Project("{FAE04EC0-301F-11D3-BF4B-00C04F79EFBC}") = "asom.effectiv.api.warehouse", "src\warehouseApp\api\asom.effectiv.api.warehouse\asom.effectiv.api.warehouse.csproj", "{48C957A5-6599-4C59-9436-14EC04735DAA}"
EndProject
Project("{2150E333-8FDC-42A3-9474-1A3956D46DE8}") = "settingsApp", "settingsApp", "{75A372B0-29D4-4BBB-850B-AFF86707EF74}"
EndProject
Project("{2150E333-8FDC-42A3-9474-1A3956D46DE8}") = "api", "api", "{90E607F8-DF01-4420-A79D-B43231B803A9}"
EndProject
Project("{FAE04EC0-301F-11D3-BF4B-00C04F79EFBC}") = "asom.effectiv.api.settings", "src\settingsApp\api\asom.effectiv.api.settings\asom.effectiv.api.settings.csproj", "{DBC1B4CE-6111-4397-B50C-CDA83CF59892}"
EndProject
Project("{2150E333-8FDC-42A3-9474-1A3956D46DE8}") = "notficationApp", "notficationApp", "{275EC907-A08F-4E23-81DD-A4AC8F6CF90C}"
EndProject
Project("{2150E333-8FDC-42A3-9474-1A3956D46DE8}") = "api", "api", "{BC5FC6A5-482F-4274-A3ED-425B63A15293}"
EndProject
Project("{FAE04EC0-301F-11D3-BF4B-00C04F79EFBC}") = "asom.effectiv.api.notification", "src\notficationApp\api\asom.effectiv.api.notification\asom.effectiv.api.notification.csproj", "{399C4B57-D6AB-4BB8-B961-5A69B8F14B43}"
EndProject
Project("{2150E333-8FDC-42A3-9474-1A3956D46DE8}") = "api", "api", "{34981003-49B6-417F-A897-888139F7E54D}"
EndProject
Project("{FAE04EC0-301F-11D3-BF4B-00C04F79EFBC}") = "asom.effectiv.api.messaging", "src\messagingApp\api\asom.effectiv.api.messaging\asom.effectiv.api.messaging.csproj", "{5B08FE55-EA29-406A-90BF-1E2415A99F52}"
EndProject
Project("{FAE04EC0-301F-11D3-BF4B-00C04F79EFBC}") = "simple.datastore", "simple.datastore\simple.datastore\simple.datastore.csproj", "{F68E9F7E-3E81-4AB3-A1EB-F57414BFBEAB}"
EndProject
Project("{2150E333-8FDC-42A3-9474-1A3956D46DE8}") = "applicatiion", "applicatiion", "{B2253C50-6052-4BFA-B084-C1FAE01429E1}"
EndProject
Project("{FAE04EC0-301F-11D3-BF4B-00C04F79EFBC}") = "effectiv.inventory.core", "src\inventoryApp\core\domain\effectiv.inventory.core\effectiv.inventory.core.csproj", "{B744CB7E-1403-48EA-8C31-7EEA9EBFAA28}"
EndProject
Project("{FAE04EC0-301F-11D3-BF4B-00C04F79EFBC}") = "sales.core.testing.tdd", "src\salesApp\testing\sales.core.testing.tdd\sales.core.testing.tdd.csproj", "{0E8DB32F-F535-4915-90B4-10CB3D69EDB7}"
EndProject
Global
	GlobalSection(SolutionConfigurationPlatforms) = preSolution
		Debug|Any CPU = Debug|Any CPU
		Release|Any CPU = Release|Any CPU
	EndGlobalSection
	GlobalSection(ProjectConfigurationPlatforms) = postSolution
		{318771A2-DE62-419F-9FEF-C5F3D078D227}.Debug|Any CPU.ActiveCfg = Debug|Any CPU
		{318771A2-DE62-419F-9FEF-C5F3D078D227}.Debug|Any CPU.Build.0 = Debug|Any CPU
		{318771A2-DE62-419F-9FEF-C5F3D078D227}.Release|Any CPU.ActiveCfg = Release|Any CPU
		{318771A2-DE62-419F-9FEF-C5F3D078D227}.Release|Any CPU.Build.0 = Release|Any CPU
		{D0D77993-D269-43D1-88E4-1D39C0C294B5}.Debug|Any CPU.ActiveCfg = Debug|Any CPU
		{D0D77993-D269-43D1-88E4-1D39C0C294B5}.Debug|Any CPU.Build.0 = Debug|Any CPU
		{D0D77993-D269-43D1-88E4-1D39C0C294B5}.Release|Any CPU.ActiveCfg = Release|Any CPU
		{D0D77993-D269-43D1-88E4-1D39C0C294B5}.Release|Any CPU.Build.0 = Release|Any CPU
		{A1A0BC5E-3D32-4F6C-96E2-39787302B4B2}.Debug|Any CPU.ActiveCfg = Debug|Any CPU
		{A1A0BC5E-3D32-4F6C-96E2-39787302B4B2}.Debug|Any CPU.Build.0 = Debug|Any CPU
		{A1A0BC5E-3D32-4F6C-96E2-39787302B4B2}.Release|Any CPU.ActiveCfg = Release|Any CPU
		{A1A0BC5E-3D32-4F6C-96E2-39787302B4B2}.Release|Any CPU.Build.0 = Release|Any CPU
		{E69C8543-7812-43FE-B96F-53BE336B7FBA}.Debug|Any CPU.ActiveCfg = Debug|Any CPU
		{E69C8543-7812-43FE-B96F-53BE336B7FBA}.Debug|Any CPU.Build.0 = Debug|Any CPU
		{E69C8543-7812-43FE-B96F-53BE336B7FBA}.Release|Any CPU.ActiveCfg = Release|Any CPU
		{E69C8543-7812-43FE-B96F-53BE336B7FBA}.Release|Any CPU.Build.0 = Release|Any CPU
		{AA1D1CD2-1E5A-47A8-BDE7-34DB46D5A577}.Debug|Any CPU.ActiveCfg = Debug|Any CPU
		{AA1D1CD2-1E5A-47A8-BDE7-34DB46D5A577}.Debug|Any CPU.Build.0 = Debug|Any CPU
		{AA1D1CD2-1E5A-47A8-BDE7-34DB46D5A577}.Release|Any CPU.ActiveCfg = Release|Any CPU
		{AA1D1CD2-1E5A-47A8-BDE7-34DB46D5A577}.Release|Any CPU.Build.0 = Release|Any CPU
		{6BBC1523-1267-4F7B-806C-B25521ACA219}.Debug|Any CPU.ActiveCfg = Debug|Any CPU
		{6BBC1523-1267-4F7B-806C-B25521ACA219}.Debug|Any CPU.Build.0 = Debug|Any CPU
		{6BBC1523-1267-4F7B-806C-B25521ACA219}.Release|Any CPU.ActiveCfg = Release|Any CPU
		{6BBC1523-1267-4F7B-806C-B25521ACA219}.Release|Any CPU.Build.0 = Release|Any CPU
		{0FEA8D6E-CA8A-4A59-BC51-6310143CFEA6}.Debug|Any CPU.ActiveCfg = Debug|Any CPU
		{0FEA8D6E-CA8A-4A59-BC51-6310143CFEA6}.Debug|Any CPU.Build.0 = Debug|Any CPU
		{0FEA8D6E-CA8A-4A59-BC51-6310143CFEA6}.Release|Any CPU.ActiveCfg = Release|Any CPU
		{0FEA8D6E-CA8A-4A59-BC51-6310143CFEA6}.Release|Any CPU.Build.0 = Release|Any CPU
		{EEF7C4F3-DBB8-4F30-B6C6-6E25413973CC}.Debug|Any CPU.ActiveCfg = Debug|Any CPU
		{EEF7C4F3-DBB8-4F30-B6C6-6E25413973CC}.Debug|Any CPU.Build.0 = Debug|Any CPU
		{EEF7C4F3-DBB8-4F30-B6C6-6E25413973CC}.Release|Any CPU.ActiveCfg = Release|Any CPU
		{EEF7C4F3-DBB8-4F30-B6C6-6E25413973CC}.Release|Any CPU.Build.0 = Release|Any CPU
		{157B2401-8BD9-4B2D-9F7C-5E4E61535A47}.Debug|Any CPU.ActiveCfg = Debug|Any CPU
		{157B2401-8BD9-4B2D-9F7C-5E4E61535A47}.Debug|Any CPU.Build.0 = Debug|Any CPU
		{157B2401-8BD9-4B2D-9F7C-5E4E61535A47}.Release|Any CPU.ActiveCfg = Release|Any CPU
		{157B2401-8BD9-4B2D-9F7C-5E4E61535A47}.Release|Any CPU.Build.0 = Release|Any CPU
		{6D9A9A4E-3646-4367-83A7-0DD0A9EDDE41}.Debug|Any CPU.ActiveCfg = Debug|Any CPU
		{6D9A9A4E-3646-4367-83A7-0DD0A9EDDE41}.Debug|Any CPU.Build.0 = Debug|Any CPU
		{6D9A9A4E-3646-4367-83A7-0DD0A9EDDE41}.Release|Any CPU.ActiveCfg = Release|Any CPU
		{6D9A9A4E-3646-4367-83A7-0DD0A9EDDE41}.Release|Any CPU.Build.0 = Release|Any CPU
		{48C957A5-6599-4C59-9436-14EC04735DAA}.Debug|Any CPU.ActiveCfg = Debug|Any CPU
		{48C957A5-6599-4C59-9436-14EC04735DAA}.Debug|Any CPU.Build.0 = Debug|Any CPU
		{48C957A5-6599-4C59-9436-14EC04735DAA}.Release|Any CPU.ActiveCfg = Release|Any CPU
		{48C957A5-6599-4C59-9436-14EC04735DAA}.Release|Any CPU.Build.0 = Release|Any CPU
		{DBC1B4CE-6111-4397-B50C-CDA83CF59892}.Debug|Any CPU.ActiveCfg = Debug|Any CPU
		{DBC1B4CE-6111-4397-B50C-CDA83CF59892}.Debug|Any CPU.Build.0 = Debug|Any CPU
		{DBC1B4CE-6111-4397-B50C-CDA83CF59892}.Release|Any CPU.ActiveCfg = Release|Any CPU
		{DBC1B4CE-6111-4397-B50C-CDA83CF59892}.Release|Any CPU.Build.0 = Release|Any CPU
		{399C4B57-D6AB-4BB8-B961-5A69B8F14B43}.Debug|Any CPU.ActiveCfg = Debug|Any CPU
		{399C4B57-D6AB-4BB8-B961-5A69B8F14B43}.Debug|Any CPU.Build.0 = Debug|Any CPU
		{399C4B57-D6AB-4BB8-B961-5A69B8F14B43}.Release|Any CPU.ActiveCfg = Release|Any CPU
		{399C4B57-D6AB-4BB8-B961-5A69B8F14B43}.Release|Any CPU.Build.0 = Release|Any CPU
		{5B08FE55-EA29-406A-90BF-1E2415A99F52}.Debug|Any CPU.ActiveCfg = Debug|Any CPU
		{5B08FE55-EA29-406A-90BF-1E2415A99F52}.Debug|Any CPU.Build.0 = Debug|Any CPU
		{5B08FE55-EA29-406A-90BF-1E2415A99F52}.Release|Any CPU.ActiveCfg = Release|Any CPU
		{5B08FE55-EA29-406A-90BF-1E2415A99F52}.Release|Any CPU.Build.0 = Release|Any CPU
		{F68E9F7E-3E81-4AB3-A1EB-F57414BFBEAB}.Debug|Any CPU.ActiveCfg = Debug|Any CPU
		{F68E9F7E-3E81-4AB3-A1EB-F57414BFBEAB}.Debug|Any CPU.Build.0 = Debug|Any CPU
		{F68E9F7E-3E81-4AB3-A1EB-F57414BFBEAB}.Release|Any CPU.ActiveCfg = Release|Any CPU
		{F68E9F7E-3E81-4AB3-A1EB-F57414BFBEAB}.Release|Any CPU.Build.0 = Release|Any CPU
		{B744CB7E-1403-48EA-8C31-7EEA9EBFAA28}.Debug|Any CPU.ActiveCfg = Debug|Any CPU
		{B744CB7E-1403-48EA-8C31-7EEA9EBFAA28}.Debug|Any CPU.Build.0 = Debug|Any CPU
		{B744CB7E-1403-48EA-8C31-7EEA9EBFAA28}.Release|Any CPU.ActiveCfg = Release|Any CPU
		{B744CB7E-1403-48EA-8C31-7EEA9EBFAA28}.Release|Any CPU.Build.0 = Release|Any CPU
		{0E8DB32F-F535-4915-90B4-10CB3D69EDB7}.Debug|Any CPU.ActiveCfg = Debug|Any CPU
		{0E8DB32F-F535-4915-90B4-10CB3D69EDB7}.Debug|Any CPU.Build.0 = Debug|Any CPU
		{0E8DB32F-F535-4915-90B4-10CB3D69EDB7}.Release|Any CPU.ActiveCfg = Release|Any CPU
		{0E8DB32F-F535-4915-90B4-10CB3D69EDB7}.Release|Any CPU.Build.0 = Release|Any CPU
	EndGlobalSection
	GlobalSection(NestedProjects) = preSolution
		{D0D77993-D269-43D1-88E4-1D39C0C294B5} = {7516DD42-038D-4CA3-9FF0-16FAF59FC265}
		{318771A2-DE62-419F-9FEF-C5F3D078D227} = {4DE0A841-893A-41E5-889D-62F181BE30CC}
		{1870AFD7-75EC-4D37-9D56-708FDE2E254A} = {DA2549C5-5974-4B60-8F8B-72F8AEC52E3B}
		{A8EA9E34-BAF6-4482-A9B5-5FF29DD5E17B} = {DA2549C5-5974-4B60-8F8B-72F8AEC52E3B}
		{2FB896A3-A4D9-4D14-B06B-4BFD46C08FF7} = {DA2549C5-5974-4B60-8F8B-72F8AEC52E3B}
		{D57180CB-1D73-4E19-A43F-93C0A8287CA5} = {DA2549C5-5974-4B60-8F8B-72F8AEC52E3B}
		{0A97AD72-6777-4954-A05E-15D8C36778D7} = {DA2549C5-5974-4B60-8F8B-72F8AEC52E3B}
		{78A33DE0-D5CC-4395-9BD7-349356E12EAA} = {DA2549C5-5974-4B60-8F8B-72F8AEC52E3B}
		{29031F66-DD61-4C10-AA37-271599205A02} = {DA2549C5-5974-4B60-8F8B-72F8AEC52E3B}
		{28D0263B-2E01-4BEB-B922-494408E9B44D} = {DA2549C5-5974-4B60-8F8B-72F8AEC52E3B}
		{E7BAEF80-BB10-4E4E-B116-295D56150ADA} = {DA2549C5-5974-4B60-8F8B-72F8AEC52E3B}
		{BDFCCA6B-AF1E-49A4-8F1E-C954CF59D616} = {DA2549C5-5974-4B60-8F8B-72F8AEC52E3B}
		{876EB3DE-A446-4DAC-A5DA-DA22BFC0C285} = {DA2549C5-5974-4B60-8F8B-72F8AEC52E3B}
		{E36B2F5F-A824-416A-A6A3-E688B7643DD7} = {DA2549C5-5974-4B60-8F8B-72F8AEC52E3B}
		{5FE6C5D9-B99B-4B26-AF20-98084955BD93} = {DA2549C5-5974-4B60-8F8B-72F8AEC52E3B}
		{7641D87B-4699-4B8C-BB23-F542BDDBB3F2} = {DA2549C5-5974-4B60-8F8B-72F8AEC52E3B}
		{1891300C-D263-4D7E-A116-3937A39E841C} = {DA2549C5-5974-4B60-8F8B-72F8AEC52E3B}
		{F236EDB9-5064-4339-843C-A75BA79D17FB} = {DA2549C5-5974-4B60-8F8B-72F8AEC52E3B}
		{3FDEBE10-AEA5-49B1-96B5-11854D7CE21D} = {DA2549C5-5974-4B60-8F8B-72F8AEC52E3B}
		{BCE9987F-BEC0-4EB3-832B-FC548A8792CC} = {DA2549C5-5974-4B60-8F8B-72F8AEC52E3B}
		{AD010B69-D8C1-4AA6-BA49-9781090287D0} = {1870AFD7-75EC-4D37-9D56-708FDE2E254A}
		{B0E5B760-84AF-4A00-9495-9C4E2AC4D3A9} = {1870AFD7-75EC-4D37-9D56-708FDE2E254A}
		{F6C0EFC1-71AC-4EE5-85DF-F43BA600AA71} = {1870AFD7-75EC-4D37-9D56-708FDE2E254A}
		{EC34BDCE-891F-4251-A99B-DBCFF21A537D} = {1870AFD7-75EC-4D37-9D56-708FDE2E254A}
		{40E33281-3B3E-4A6F-BEE2-205FA9B15E18} = {1870AFD7-75EC-4D37-9D56-708FDE2E254A}
		{A1A0BC5E-3D32-4F6C-96E2-39787302B4B2} = {B0E5B760-84AF-4A00-9495-9C4E2AC4D3A9}
		{5DE2FBD0-1316-42A1-9A57-A473A280227C} = {A8EA9E34-BAF6-4482-A9B5-5FF29DD5E17B}
		{613DC9CB-6F5C-4F3B-90A8-74B8AE3E694A} = {A8EA9E34-BAF6-4482-A9B5-5FF29DD5E17B}
		{FABA91BB-D646-405A-B03B-77E0724A8987} = {A8EA9E34-BAF6-4482-A9B5-5FF29DD5E17B}
		{7CD49088-5A78-4900-B26E-04F54F13D2A3} = {A8EA9E34-BAF6-4482-A9B5-5FF29DD5E17B}
		{537083BC-06A7-4DD5-BC42-3B3ED3C89809} = {A8EA9E34-BAF6-4482-A9B5-5FF29DD5E17B}
		{E69C8543-7812-43FE-B96F-53BE336B7FBA} = {537083BC-06A7-4DD5-BC42-3B3ED3C89809}
		{B8CAD87D-D8D5-480A-BC58-6E0049074CD6} = {2FB896A3-A4D9-4D14-B06B-4BFD46C08FF7}
		{C041EE1B-9E63-40C8-89DB-1BADF9948562} = {2FB896A3-A4D9-4D14-B06B-4BFD46C08FF7}
		{3E9C6340-6F36-4163-97F5-F62D35F55BB9} = {2FB896A3-A4D9-4D14-B06B-4BFD46C08FF7}
		{7183CD5F-8DD2-4AE6-ACE6-B35720803E6B} = {2FB896A3-A4D9-4D14-B06B-4BFD46C08FF7}
		{29FF542A-5112-478A-8477-BF1347A2856D} = {2FB896A3-A4D9-4D14-B06B-4BFD46C08FF7}
		{5D75215E-B892-4934-8796-EC0C3DA6EFD4} = {78A33DE0-D5CC-4395-9BD7-349356E12EAA}
		{4AAEB61F-4BD3-4FF5-A828-764ED9DEBF5D} = {78A33DE0-D5CC-4395-9BD7-349356E12EAA}
		{94277EDE-20E6-440B-A949-F0E74491827C} = {78A33DE0-D5CC-4395-9BD7-349356E12EAA}
		{55C6C7BE-406E-4DA8-AB8B-E8A616401273} = {78A33DE0-D5CC-4395-9BD7-349356E12EAA}
		{A3D113E3-1897-43E0-A433-B6C7126D8AD4} = {78A33DE0-D5CC-4395-9BD7-349356E12EAA}
		{EB07FAF8-4D69-4B46-8EC3-1FEC93E73C13} = {1891300C-D263-4D7E-A116-3937A39E841C}
		{A68254C3-BDED-4EB2-A3B0-DA4293B062FA} = {1891300C-D263-4D7E-A116-3937A39E841C}
		{60BE9F91-BC95-4BD3-9817-2B22AACD1E77} = {1891300C-D263-4D7E-A116-3937A39E841C}
		{60F059DD-B1E9-48E1-BA33-8A8A22F8C749} = {1891300C-D263-4D7E-A116-3937A39E841C}
		{16561E7E-B632-4650-B6B0-6BDE9B52E0CC} = {1891300C-D263-4D7E-A116-3937A39E841C}
		{373BFE52-52C6-4C81-9AD5-63275ADAC141} = {E36B2F5F-A824-416A-A6A3-E688B7643DD7}
		{43F17800-267A-401A-BEE6-05653DE3DCCD} = {E36B2F5F-A824-416A-A6A3-E688B7643DD7}
		{9A5FF2BE-DF82-4FE2-AC8B-BEDB04407B37} = {E36B2F5F-A824-416A-A6A3-E688B7643DD7}
		{7977B410-ABDF-4A43-970A-6C6364C2CAD0} = {E36B2F5F-A824-416A-A6A3-E688B7643DD7}
		{F5A73844-37F5-4BD1-B5EF-4A706DADC292} = {E36B2F5F-A824-416A-A6A3-E688B7643DD7}
		{61E33374-66A8-4B07-A221-D67B811BA500} = {0A97AD72-6777-4954-A05E-15D8C36778D7}
		{6C379B18-EBA0-4C1F-AE13-6A4C9C534C96} = {0A97AD72-6777-4954-A05E-15D8C36778D7}
		{81E26D03-F332-4823-8439-5A9D449AFDE0} = {0A97AD72-6777-4954-A05E-15D8C36778D7}
		{C4CECE06-AA02-4BBA-81DF-54F86FF1D574} = {0A97AD72-6777-4954-A05E-15D8C36778D7}
		{73FDA2C0-F8C3-49EA-A6DC-00CC4AFE2242} = {0A97AD72-6777-4954-A05E-15D8C36778D7}
		{EFA2019A-DF77-43FF-AD5A-8B5F1965A3BB} = {0A97AD72-6777-4954-A05E-15D8C36778D7}
		{7C96D72C-860D-4D75-A13D-5E925DC1ADEA} = {A8EA9E34-BAF6-4482-A9B5-5FF29DD5E17B}
		{3537FD0F-E168-465C-B553-943EF1422B77} = {E36B2F5F-A824-416A-A6A3-E688B7643DD7}
		{420DC8C9-8436-4FCB-B53C-A2EAE251268C} = {1891300C-D263-4D7E-A116-3937A39E841C}
		{AA1D1CD2-1E5A-47A8-BDE7-34DB46D5A577} = {F6C0EFC1-71AC-4EE5-85DF-F43BA600AA71}
		{6BBC1523-1267-4F7B-806C-B25521ACA219} = {5D75215E-B892-4934-8796-EC0C3DA6EFD4}
		{0FEA8D6E-CA8A-4A59-BC51-6310143CFEA6} = {EB07FAF8-4D69-4B46-8EC3-1FEC93E73C13}
		{EEF7C4F3-DBB8-4F30-B6C6-6E25413973CC} = {5DE2FBD0-1316-42A1-9A57-A473A280227C}
		{8E184DA7-8615-410F-BE8B-14FB8F30913A} = {DA2549C5-5974-4B60-8F8B-72F8AEC52E3B}
		{59E7FFAD-EAC4-4499-AFD0-F1F308DE67C3} = {8E184DA7-8615-410F-BE8B-14FB8F30913A}
		{157B2401-8BD9-4B2D-9F7C-5E4E61535A47} = {59E7FFAD-EAC4-4499-AFD0-F1F308DE67C3}
		{6D9A9A4E-3646-4367-83A7-0DD0A9EDDE41} = {B8CAD87D-D8D5-480A-BC58-6E0049074CD6}
		{50A30F9D-FAFB-4A99-B03E-6E4DB0841AF9} = {29031F66-DD61-4C10-AA37-271599205A02}
		{48C957A5-6599-4C59-9436-14EC04735DAA} = {50A30F9D-FAFB-4A99-B03E-6E4DB0841AF9}
		{75A372B0-29D4-4BBB-850B-AFF86707EF74} = {DA2549C5-5974-4B60-8F8B-72F8AEC52E3B}
		{90E607F8-DF01-4420-A79D-B43231B803A9} = {75A372B0-29D4-4BBB-850B-AFF86707EF74}
		{DBC1B4CE-6111-4397-B50C-CDA83CF59892} = {90E607F8-DF01-4420-A79D-B43231B803A9}
		{275EC907-A08F-4E23-81DD-A4AC8F6CF90C} = {DA2549C5-5974-4B60-8F8B-72F8AEC52E3B}
		{BC5FC6A5-482F-4274-A3ED-425B63A15293} = {275EC907-A08F-4E23-81DD-A4AC8F6CF90C}
		{399C4B57-D6AB-4BB8-B961-5A69B8F14B43} = {BC5FC6A5-482F-4274-A3ED-425B63A15293}
		{34981003-49B6-417F-A897-888139F7E54D} = {876EB3DE-A446-4DAC-A5DA-DA22BFC0C285}
		{5B08FE55-EA29-406A-90BF-1E2415A99F52} = {34981003-49B6-417F-A897-888139F7E54D}
		{F68E9F7E-3E81-4AB3-A1EB-F57414BFBEAB} = {55A86E81-B41A-4C13-9C83-E8B0E430E939}
		{B2253C50-6052-4BFA-B084-C1FAE01429E1} = {A8EA9E34-BAF6-4482-A9B5-5FF29DD5E17B}
		{B744CB7E-1403-48EA-8C31-7EEA9EBFAA28} = {613DC9CB-6F5C-4F3B-90A8-74B8AE3E694A}
		{0E8DB32F-F535-4915-90B4-10CB3D69EDB7} = {AD010B69-D8C1-4AA6-BA49-9781090287D0}
	EndGlobalSection
EndGlobal
